
Microsoft Visual Studio Solution File, Format Version 12.00
# Visual Studio Version 17
VisualStudioVersion = 17.12.35309.182
MinimumVisualStudioVersion = 10.0.40219.1
Project("{FAE04EC0-301F-11D3-BF4B-00C04F79EFBC}") = "School.Api", "School.Api\School.Api.csproj", "{4D416A65-B201-4D40-9D47-01A26994ADA6}"
EndProject
Global
	GlobalSection(SolutionConfigurationPlatforms) = preSolution
		Debug|Any CPU = Debug|Any CPU
		Release|Any CPU = Release|Any CPU
	EndGlobalSection
	GlobalSection(ProjectConfigurationPlatforms) = postSolution
		{4D416A65-B201-4D40-9D47-01A26994ADA6}.Debug|Any CPU.ActiveCfg = Debug|Any CPU
		{4D416A65-B201-4D40-9D47-01A26994ADA6}.Debug|Any CPU.Build.0 = Debug|Any CPU
		{4D416A65-B201-4D40-9D47-01A26994ADA6}.Release|Any CPU.ActiveCfg = Release|Any CPU
		{4D416A65-B201-4D40-9D47-01A26994ADA6}.Release|Any CPU.Build.0 = Release|Any CPU
	EndGlobalSection
	GlobalSection(SolutionProperties) = preSolution
		HideSolutionNode = FALSE
	EndGlobalSection
	GlobalSection(ExtensibilityGlobals) = postSolution
		SolutionGuid = {AFFE18E6-AA78-472D-AF07-F632C15407DD}
	EndGlobalSection
EndGlobal
